github.com/gethinode/hinode v1.23.7 h1:kw7vSbDfjt/Zi0RdobuFPfbkXET68cEVN3Kf4dQjSI8=
github.com/gethinode/hinode v1.23.7/go.mod h1:pbURtPidZU9BOWtqaD/Z24lwpovNE7UumJwc59wPYwc=
github.com/gethinode/hinode/v3 v3.21.2 h1:4H4SzzGiFRwhjq4Oag59LNfvB7dHu6tKqf/B8n04Sgg=
github.com/gethinode/hinode/v3 v3.21.2/go.mod h1:9yBDgansb+wj1ingsqt2odSS8NMY+iRglICyLLgkIjo=
github.com/gethinode/mod-blocks/v2 v2.4.0 h1:LjgEpU314lUPMpq63B/rWTUBzWTKTHDk1QSpPpADGJc=
github.com/gethinode/mod-blocks/v2 v2.4.0/go.mod h1:bgbPL/PJzDFyvLcx7bd5uVJkkBDqFd0wZvA4DqqIdXs=
